
Microsoft Visual Studio Solution File, Format Version 12.00
# Visual Studio Version 17
VisualStudioVersion = 17.5.33424.131
MinimumVisualStudioVersion = 10.0.40219.1
Project("{9A19103F-16F7-4668-BE54-9A1E7A4F7556}") = "HomeEssentials", "HomeEssentials\HomeEssentials.csproj", "{B47CB948-AC1B-4298-933C-B23493E09779}"
EndProject
Global
	GlobalSection(SolutionConfigurationPlatforms) = preSolution
		Debug|Any CPU = Debug|Any CPU
		Release|Any CPU = Release|Any CPU
	EndGlobalSection
	GlobalSection(ProjectConfigurationPlatforms) = postSolution
		{B47CB948-AC1B-4298-933C-B23493E09779}.Debug|Any CPU.ActiveCfg = Debug|Any CPU
		{B47CB948-AC1B-4298-933C-B23493E09779}.Debug|Any CPU.Build.0 = Debug|Any CPU
		{B47CB948-AC1B-4298-933C-B23493E09779}.Release|Any CPU.ActiveCfg = Release|Any CPU
		{B47CB948-AC1B-4298-933C-B23493E09779}.Release|Any CPU.Build.0 = Release|Any CPU
	EndGlobalSection
	GlobalSection(SolutionProperties) = preSolution
		HideSolutionNode = FALSE
	EndGlobalSection
	GlobalSection(ExtensibilityGlobals) = postSolution
		SolutionGuid = {421B83E1-11C9-4025-86C3-C8029F8038C3}
	EndGlobalSection
EndGlobal
