
Microsoft Visual Studio Solution File, Format Version 12.00
# Visual Studio Version 17
VisualStudioVersion = 17.5.33424.131
MinimumVisualStudioVersion = 10.0.40219.1
Project("{9A19103F-16F7-4668-BE54-9A1E7A4F7556}") = "SteliTour", "SteliTour\SteliTour.csproj", "{0DB8BDFF-A22F-4D68-91B8-BDDA078A66F3}"
EndProject
Global
	GlobalSection(SolutionConfigurationPlatforms) = preSolution
		Debug|Any CPU = Debug|Any CPU
		Release|Any CPU = Release|Any CPU
	EndGlobalSection
	GlobalSection(ProjectConfigurationPlatforms) = postSolution
		{0DB8BDFF-A22F-4D68-91B8-BDDA078A66F3}.Debug|Any CPU.ActiveCfg = Debug|Any CPU
		{0DB8BDFF-A22F-4D68-91B8-BDDA078A66F3}.Debug|Any CPU.Build.0 = Debug|Any CPU
		{0DB8BDFF-A22F-4D68-91B8-BDDA078A66F3}.Release|Any CPU.ActiveCfg = Release|Any CPU
		{0DB8BDFF-A22F-4D68-91B8-BDDA078A66F3}.Release|Any CPU.Build.0 = Release|Any CPU
	EndGlobalSection
	GlobalSection(SolutionProperties) = preSolution
		HideSolutionNode = FALSE
	EndGlobalSection
	GlobalSection(ExtensibilityGlobals) = postSolution
		SolutionGuid = {DE8395D8-88E4-47C4-8164-24819FF7FF8A}
	EndGlobalSection
EndGlobal
