
Microsoft Visual Studio Solution File, Format Version 12.00
# Visual Studio Version 17
VisualStudioVersion = 17.2.32630.192
MinimumVisualStudioVersion = 10.0.40219.1
Project("{9A19103F-16F7-4668-BE54-9A1E7A4F7556}") = "FitnessProgram", "FitnessProgram\FitnessProgram.csproj", "{66C2DDC7-003A-4A2F-B738-9A916EFA1FAB}"
EndProject
Project("{9A19103F-16F7-4668-BE54-9A1E7A4F7556}") = "FitnessProgram.ViewModels", "FitnessProgram.ViewModels\FitnessProgram.ViewModels.csproj", "{2D30B8E4-D4DF-4A65-8A93-C6216C919D37}"
EndProject
Project("{9A19103F-16F7-4668-BE54-9A1E7A4F7556}") = "FitnessProgram.Services", "FitnessProgram.Services\FitnessProgram.Services.csproj", "{D10F7D12-BC5B-4FD6-A904-F8E83CAB4683}"
EndProject
Project("{9A19103F-16F7-4668-BE54-9A1E7A4F7556}") = "FitnessProgram.Data", "FitnessProgram.Data\FitnessProgram.Data.csproj", "{6A9F00EB-4D69-4F78-B164-EDCD38C7AB56}"
EndProject
Project("{9A19103F-16F7-4668-BE54-9A1E7A4F7556}") = "FitnessProgram.Global", "FitnessProgram.Global\FitnessProgram.Global.csproj", "{696BDEAB-FB90-4F02-B9B4-BE0130FEC793}"
EndProject
Global
	GlobalSection(SolutionConfigurationPlatforms) = preSolution
		Debug|Any CPU = Debug|Any CPU
		Release|Any CPU = Release|Any CPU
	EndGlobalSection
	GlobalSection(ProjectConfigurationPlatforms) = postSolution
		{66C2DDC7-003A-4A2F-B738-9A916EFA1FAB}.Debug|Any CPU.ActiveCfg = Debug|Any CPU
		{66C2DDC7-003A-4A2F-B738-9A916EFA1FAB}.Debug|Any CPU.Build.0 = Debug|Any CPU
		{66C2DDC7-003A-4A2F-B738-9A916EFA1FAB}.Release|Any CPU.ActiveCfg = Release|Any CPU
		{66C2DDC7-003A-4A2F-B738-9A916EFA1FAB}.Release|Any CPU.Build.0 = Release|Any CPU
		{2D30B8E4-D4DF-4A65-8A93-C6216C919D37}.Debug|Any CPU.ActiveCfg = Debug|Any CPU
		{2D30B8E4-D4DF-4A65-8A93-C6216C919D37}.Debug|Any CPU.Build.0 = Debug|Any CPU
		{2D30B8E4-D4DF-4A65-8A93-C6216C919D37}.Release|Any CPU.ActiveCfg = Release|Any CPU
		{2D30B8E4-D4DF-4A65-8A93-C6216C919D37}.Release|Any CPU.Build.0 = Release|Any CPU
		{D10F7D12-BC5B-4FD6-A904-F8E83CAB4683}.Debug|Any CPU.ActiveCfg = Debug|Any CPU
		{D10F7D12-BC5B-4FD6-A904-F8E83CAB4683}.Debug|Any CPU.Build.0 = Debug|Any CPU
		{D10F7D12-BC5B-4FD6-A904-F8E83CAB4683}.Release|Any CPU.ActiveCfg = Release|Any CPU
		{D10F7D12-BC5B-4FD6-A904-F8E83CAB4683}.Release|Any CPU.Build.0 = Release|Any CPU
		{6A9F00EB-4D69-4F78-B164-EDCD38C7AB56}.Debug|Any CPU.ActiveCfg = Debug|Any CPU
		{6A9F00EB-4D69-4F78-B164-EDCD38C7AB56}.Debug|Any CPU.Build.0 = Debug|Any CPU
		{6A9F00EB-4D69-4F78-B164-EDCD38C7AB56}.Release|Any CPU.ActiveCfg = Release|Any CPU
		{6A9F00EB-4D69-4F78-B164-EDCD38C7AB56}.Release|Any CPU.Build.0 = Release|Any CPU
		{696BDEAB-FB90-4F02-B9B4-BE0130FEC793}.Debug|Any CPU.ActiveCfg = Debug|Any CPU
		{696BDEAB-FB90-4F02-B9B4-BE0130FEC793}.Debug|Any CPU.Build.0 = Debug|Any CPU
		{696BDEAB-FB90-4F02-B9B4-BE0130FEC793}.Release|Any CPU.ActiveCfg = Release|Any CPU
		{696BDEAB-FB90-4F02-B9B4-BE0130FEC793}.Release|Any CPU.Build.0 = Release|Any CPU
	EndGlobalSection
	GlobalSection(SolutionProperties) = preSolution
		HideSolutionNode = FALSE
	EndGlobalSection
	GlobalSection(ExtensibilityGlobals) = postSolution
		SolutionGuid = {9D033B41-17FF-495C-B4AD-0A16A6A3834E}
	EndGlobalSection
EndGlobal
