
Microsoft Visual Studio Solution File, Format Version 12.00
# Visual Studio Version 17
VisualStudioVersion = 17.4.33213.308
MinimumVisualStudioVersion = 10.0.40219.1
Project("{9A19103F-16F7-4668-BE54-9A1E7A4F7556}") = "CarPartsShop", "CarPartsShop\CarPartsShop.csproj", "{AF31C374-E171-457C-BDA5-8936328927BF}"
EndProject
Project("{FAE04EC0-301F-11D3-BF4B-00C04F79EFBC}") = "CarPartsShop.API", "CarPartsShop.API\CarPartsShop.API.csproj", "{AD1694A8-3686-4283-B61F-40392CC244CD}"
EndProject
Global
	GlobalSection(SolutionConfigurationPlatforms) = preSolution
		Debug|Any CPU = Debug|Any CPU
		Release|Any CPU = Release|Any CPU
	EndGlobalSection
	GlobalSection(ProjectConfigurationPlatforms) = postSolution
		{AF31C374-E171-457C-BDA5-8936328927BF}.Debug|Any CPU.ActiveCfg = Debug|Any CPU
		{AF31C374-E171-457C-BDA5-8936328927BF}.Debug|Any CPU.Build.0 = Debug|Any CPU
		{AF31C374-E171-457C-BDA5-8936328927BF}.Release|Any CPU.ActiveCfg = Release|Any CPU
		{AF31C374-E171-457C-BDA5-8936328927BF}.Release|Any CPU.Build.0 = Release|Any CPU
		{AD1694A8-3686-4283-B61F-40392CC244CD}.Debug|Any CPU.ActiveCfg = Debug|Any CPU
		{AD1694A8-3686-4283-B61F-40392CC244CD}.Debug|Any CPU.Build.0 = Debug|Any CPU
		{AD1694A8-3686-4283-B61F-40392CC244CD}.Release|Any CPU.ActiveCfg = Release|Any CPU
		{AD1694A8-3686-4283-B61F-40392CC244CD}.Release|Any CPU.Build.0 = Release|Any CPU
	EndGlobalSection
	GlobalSection(SolutionProperties) = preSolution
		HideSolutionNode = FALSE
	EndGlobalSection
	GlobalSection(ExtensibilityGlobals) = postSolution
		SolutionGuid = {A6EA9BCC-AAB7-4ABB-9B0A-D6B1FCD0C82E}
	EndGlobalSection
EndGlobal
